
Microsoft Visual Studio Solution File, Format Version 12.00
# Visual Studio Version 17
VisualStudioVersion = 17.4.33205.214
MinimumVisualStudioVersion = 10.0.40219.1
Project("{FAE04EC0-301F-11D3-BF4B-00C04F79EFBC}") = "DataSearch", "DataSearch\DataSearch.csproj", "{FE87300B-3E8C-4922-8898-70075594058B}"
EndProject
Global
	GlobalSection(SolutionConfigurationPlatforms) = preSolution
		Debug|Any CPU = Debug|Any CPU
		Release|Any CPU = Release|Any CPU
	EndGlobalSection
	GlobalSection(ProjectConfigurationPlatforms) = postSolution
		{FE87300B-3E8C-4922-8898-70075594058B}.Debug|Any CPU.ActiveCfg = Debug|Any CPU
		{FE87300B-3E8C-4922-8898-70075594058B}.Debug|Any CPU.Build.0 = Debug|Any CPU
		{FE87300B-3E8C-4922-8898-70075594058B}.Release|Any CPU.ActiveCfg = Release|Any CPU
		{FE87300B-3E8C-4922-8898-70075594058B}.Release|Any CPU.Build.0 = Release|Any CPU
	EndGlobalSection
	GlobalSection(SolutionProperties) = preSolution
		HideSolutionNode = FALSE
	EndGlobalSection
	GlobalSection(ExtensibilityGlobals) = postSolution
		SolutionGuid = {A1FA1FF9-33B5-424E-9C5E-94027E683776}
	EndGlobalSection
EndGlobal
